PODS:
  - HPParallaxHeader (1.1.5)
  - Parchment (3.0.1)

DEPENDENCIES:
  - HPParallaxHeader
  - Parchment

SPEC REPOS:
  trunk:
    - HPParallaxHeader
    - Parchment

SPEC CHECKSUMS:
  HPParallaxHeader: e8985fe9c1e803f48b329a97381b17e5ee5dae1e
  Parchment: 466a1cfb6151780db8acb4bbedc2d9c6bfa1e2ff

PODFILE CHECKSUM: 0da84848b459931760c0c220763e3ed99c9b5556

COCOAPODS: 1.10.0
